
Microsoft Visual Studio Solution File, Format Version 12.00
# Visual Studio 15
VisualStudioVersion = 15.0.26206.0
MinimumVisualStudioVersion = 10.0.40219.1
Project("{00D1A9C2-B5F0-4AF3-8072-F6C62B433612}") = "Calico.Database", "Calico.Database\Calico.Database.sqlproj", "{6C42D371-B3EF-4338-BCBF-6FA4948589D4}"
EndProject
Project("{FAE04EC0-301F-11D3-BF4B-00C04F79EFBC}") = "Calico.Cmd", "Calico.Cmd\Calico.Cmd.csproj", "{C5166013-3768-453B-86CE-C56529270F86}"
EndProject
Project("{FAE04EC0-301F-11D3-BF4B-00C04F79EFBC}") = "Calico", "Calico\Calico.csproj", "{12A78C12-42AF-4971-A339-30EE76F2CD06}"
EndProject
Project("{2150E333-8FDC-42A3-9474-1A3956D46DE8}") = "Doc", "Doc", "{15204ED8-5AFF-40CC-A0A5-84D72861E2BB}"
	ProjectSection(SolutionItems) = preProject
		README.md = README.md
	EndProjectSection
EndProject
Project("{FAE04EC0-301F-11D3-BF4B-00C04F79EFBC}") = "Calico.Web", "Calico.Web\Calico.Web.csproj", "{00E72159-7057-4B26-8F61-BBB5B6C57609}"
EndProject
Global
	GlobalSection(SolutionConfigurationPlatforms) = preSolution
		Debug|Any CPU = Debug|Any CPU
		Release|Any CPU = Release|Any CPU
	EndGlobalSection
	GlobalSection(ProjectConfigurationPlatforms) = postSolution
		{6C42D371-B3EF-4338-BCBF-6FA4948589D4}.Debug|Any CPU.ActiveCfg = Debug|Any CPU
		{6C42D371-B3EF-4338-BCBF-6FA4948589D4}.Debug|Any CPU.Build.0 = Debug|Any CPU
		{6C42D371-B3EF-4338-BCBF-6FA4948589D4}.Debug|Any CPU.Deploy.0 = Debug|Any CPU
		{6C42D371-B3EF-4338-BCBF-6FA4948589D4}.Release|Any CPU.ActiveCfg = Release|Any CPU
		{6C42D371-B3EF-4338-BCBF-6FA4948589D4}.Release|Any CPU.Build.0 = Release|Any CPU
		{6C42D371-B3EF-4338-BCBF-6FA4948589D4}.Release|Any CPU.Deploy.0 = Release|Any CPU
		{C5166013-3768-453B-86CE-C56529270F86}.Debug|Any CPU.ActiveCfg = Debug|Any CPU
		{C5166013-3768-453B-86CE-C56529270F86}.Debug|Any CPU.Build.0 = Debug|Any CPU
		{C5166013-3768-453B-86CE-C56529270F86}.Release|Any CPU.ActiveCfg = Release|Any CPU
		{C5166013-3768-453B-86CE-C56529270F86}.Release|Any CPU.Build.0 = Release|Any CPU
		{12A78C12-42AF-4971-A339-30EE76F2CD06}.Debug|Any CPU.ActiveCfg = Debug|Any CPU
		{12A78C12-42AF-4971-A339-30EE76F2CD06}.Debug|Any CPU.Build.0 = Debug|Any CPU
		{12A78C12-42AF-4971-A339-30EE76F2CD06}.Release|Any CPU.ActiveCfg = Release|Any CPU
		{12A78C12-42AF-4971-A339-30EE76F2CD06}.Release|Any CPU.Build.0 = Release|Any CPU
		{00E72159-7057-4B26-8F61-BBB5B6C57609}.Debug|Any CPU.ActiveCfg = Debug|Any CPU
		{00E72159-7057-4B26-8F61-BBB5B6C57609}.Debug|Any CPU.Build.0 = Debug|Any CPU
		{00E72159-7057-4B26-8F61-BBB5B6C57609}.Release|Any CPU.ActiveCfg = Release|Any CPU
		{00E72159-7057-4B26-8F61-BBB5B6C57609}.Release|Any CPU.Build.0 = Release|Any CPU
	EndGlobalSection
	GlobalSection(SolutionProperties) = preSolution
		HideSolutionNode = FALSE
	EndGlobalSection
EndGlobal
