
Microsoft Visual Studio Solution File, Format Version 12.00
# Visual Studio 15
VisualStudioVersion = 15.0.26228.4
MinimumVisualStudioVersion = 10.0.40219.1
Project("{00D1A9C2-B5F0-4AF3-8072-F6C62B433612}") = "Calico.Database", "Calico.Database\Calico.Database.sqlproj", "{6C42D371-B3EF-4338-BCBF-6FA4948589D4}"
EndProject
Project("{FAE04EC0-301F-11D3-BF4B-00C04F79EFBC}") = "Calico.Cmd", "Calico.Cmd\Calico.Cmd.csproj", "{C5166013-3768-453B-86CE-C56529270F86}"
EndProject
Project("{FAE04EC0-301F-11D3-BF4B-00C04F79EFBC}") = "Calico", "Calico\Calico.csproj", "{12A78C12-42AF-4971-A339-30EE76F2CD06}"
EndProject
Project("{FAE04EC0-301F-11D3-BF4B-00C04F79EFBC}") = "Calico.Web", "Calico.Web\Calico.Web.csproj", "{77DD0254-A281-45BF-BBFC-671039537E7D}"
EndProject
Project("{FAE04EC0-301F-11D3-BF4B-00C04F79EFBC}") = "Calico.Tests", "Calico.Tests\Calico.Tests.csproj", "{9D17AA4B-2810-40CC-AF14-104B89E95343}"
EndProject
Project("{FAE04EC0-301F-11D3-BF4B-00C04F79EFBC}") = "Calico.Data", "Calico.Data\Calico.Data.csproj", "{779E1A90-6300-4882-9755-DB2E833488D1}"
EndProject
Global
	GlobalSection(SolutionConfigurationPlatforms) = preSolution
		Debug|Any CPU = Debug|Any CPU
		Release|Any CPU = Release|Any CPU
	EndGlobalSection
	GlobalSection(ProjectConfigurationPlatforms) = postSolution
		{6C42D371-B3EF-4338-BCBF-6FA4948589D4}.Debug|Any CPU.ActiveCfg = Debug|Any CPU
		{6C42D371-B3EF-4338-BCBF-6FA4948589D4}.Debug|Any CPU.Build.0 = Debug|Any CPU
		{6C42D371-B3EF-4338-BCBF-6FA4948589D4}.Debug|Any CPU.Deploy.0 = Debug|Any CPU
		{6C42D371-B3EF-4338-BCBF-6FA4948589D4}.Release|Any CPU.ActiveCfg = Release|Any CPU
		{6C42D371-B3EF-4338-BCBF-6FA4948589D4}.Release|Any CPU.Build.0 = Release|Any CPU
		{6C42D371-B3EF-4338-BCBF-6FA4948589D4}.Release|Any CPU.Deploy.0 = Release|Any CPU
		{C5166013-3768-453B-86CE-C56529270F86}.Debug|Any CPU.ActiveCfg = Debug|Any CPU
		{C5166013-3768-453B-86CE-C56529270F86}.Debug|Any CPU.Build.0 = Debug|Any CPU
		{C5166013-3768-453B-86CE-C56529270F86}.Release|Any CPU.ActiveCfg = Release|Any CPU
		{C5166013-3768-453B-86CE-C56529270F86}.Release|Any CPU.Build.0 = Release|Any CPU
		{12A78C12-42AF-4971-A339-30EE76F2CD06}.Debug|Any CPU.ActiveCfg = Debug|Any CPU
		{12A78C12-42AF-4971-A339-30EE76F2CD06}.Debug|Any CPU.Build.0 = Debug|Any CPU
		{12A78C12-42AF-4971-A339-30EE76F2CD06}.Release|Any CPU.ActiveCfg = Release|Any CPU
		{12A78C12-42AF-4971-A339-30EE76F2CD06}.Release|Any CPU.Build.0 = Release|Any CPU
		{77DD0254-A281-45BF-BBFC-671039537E7D}.Debug|Any CPU.ActiveCfg = Debug|Any CPU
		{77DD0254-A281-45BF-BBFC-671039537E7D}.Debug|Any CPU.Build.0 = Debug|Any CPU
		{77DD0254-A281-45BF-BBFC-671039537E7D}.Release|Any CPU.ActiveCfg = Release|Any CPU
		{77DD0254-A281-45BF-BBFC-671039537E7D}.Release|Any CPU.Build.0 = Release|Any CPU
		{9D17AA4B-2810-40CC-AF14-104B89E95343}.Debug|Any CPU.ActiveCfg = Debug|Any CPU
		{9D17AA4B-2810-40CC-AF14-104B89E95343}.Debug|Any CPU.Build.0 = Debug|Any CPU
		{9D17AA4B-2810-40CC-AF14-104B89E95343}.Release|Any CPU.ActiveCfg = Release|Any CPU
		{9D17AA4B-2810-40CC-AF14-104B89E95343}.Release|Any CPU.Build.0 = Release|Any CPU
		{779E1A90-6300-4882-9755-DB2E833488D1}.Debug|Any CPU.ActiveCfg = Debug|Any CPU
		{779E1A90-6300-4882-9755-DB2E833488D1}.Debug|Any CPU.Build.0 = Debug|Any CPU
		{779E1A90-6300-4882-9755-DB2E833488D1}.Release|Any CPU.ActiveCfg = Release|Any CPU
		{779E1A90-6300-4882-9755-DB2E833488D1}.Release|Any CPU.Build.0 = Release|Any CPU
	EndGlobalSection
	GlobalSection(SolutionProperties) = preSolution
		HideSolutionNode = FALSE
	EndGlobalSection
EndGlobal
